// !$*UTF8*$!
{
	archiveVersion = 1;
	classes = {
	};
	objectVersion = 56;
	objects = {

/* Begin PBXBuildFile section */
		6D781A882A8518AC00590E33 /* AppDelegate.swift in Sources */ = {isa = PBXBuildFile; fileRef = 6D781A872A8518AC00590E33 /* AppDelegate.swift */; };
		6D781A8A2A8518AC00590E33 /* SceneDelegate.swift in Sources */ = {isa = PBXBuildFile; fileRef = 6D781A892A8518AC00590E33 /* SceneDelegate.swift */; };
		6D781A8C2A8518AC00590E33 /* ViewController.swift in Sources */ = {isa = PBXBuildFile; fileRef = 6D781A8B2A8518AC00590E33 /* ViewController.swift */; };
		6D781A8F2A8518AC00590E33 /* Main.storyboard in Resources */ = {isa = PBXBuildFile; fileRef = 6D781A8D2A8518AC00590E33 /* Main.storyboard */; };
		6D781A922A8518AC00590E33 /* Golf_Buddies.xcdatamodeld in Sources */ = {isa = PBXBuildFile; fileRef = 6D781A902A8518AC00590E33 /* Golf_Buddies.xcdatamodeld */; };
		6D781A942A8518AE00590E33 /* Assets.xcassets in Resources */ = {isa = PBXBuildFile; fileRef = 6D781A932A8518AE00590E33 /* Assets.xcassets */; };
		6D781A972A8518AE00590E33 /* LaunchScreen.storyboard in Resources */ = {isa = PBXBuildFile; fileRef = 6D781A952A8518AE00590E33 /* LaunchScreen.storyboard */; };
		6D781A9F2A8522B600590E33 /* Golfer.swift in Sources */ = {isa = PBXBuildFile; fileRef = 6D781A9E2A8522B600590E33 /* Golfer.swift */; };
		6D781AA12A8522BF00590E33 /* Round.swift in Sources */ = {isa = PBXBuildFile; fileRef = 6D781AA02A8522BF00590E33 /* Round.swift */; };
		6D781AA32A8522E100590E33 /* Match.swift in Sources */ = {isa = PBXBuildFile; fileRef = 6D781AA22A8522E100590E33 /* Match.swift */; };
		6D781AA52A85368900590E33 /* Profile.swift in Sources */ = {isa = PBXBuildFile; fileRef = 6D781AA42A85368900590E33 /* Profile.swift */; };
		6D781AAA2A85459500590E33 /* FirebaseAnalytics in Frameworks */ = {isa = PBXBuildFile; productRef = 6D781AA92A85459500590E33 /* FirebaseAnalytics */; };
		6D781AAC2A85459500590E33 /* FirebaseAnalyticsSwift in Frameworks */ = {isa = PBXBuildFile; productRef = 6D781AAB2A85459500590E33 /* FirebaseAnalyticsSwift */; };
		6D781AAE2A85459500590E33 /* FirebaseDatabase in Frameworks */ = {isa = PBXBuildFile; productRef = 6D781AAD2A85459500590E33 /* FirebaseDatabase */; };
		6D781AB02A85459500590E33 /* FirebaseDatabaseSwift in Frameworks */ = {isa = PBXBuildFile; productRef = 6D781AAF2A85459500590E33 /* FirebaseDatabaseSwift */; };
		6D781AB22A85459500590E33 /* FirebaseFunctions in Frameworks */ = {isa = PBXBuildFile; productRef = 6D781AB12A85459500590E33 /* FirebaseFunctions */; };
		6D781AB42A85459500590E33 /* FirebaseStorage in Frameworks */ = {isa = PBXBuildFile; productRef = 6D781AB32A85459500590E33 /* FirebaseStorage */; };
		6D781AB62A8546C100590E33 /* Firebase.swift in Sources */ = {isa = PBXBuildFile; fileRef = 6D781AB52A8546C100590E33 /* Firebase.swift */; };
		6D781AB92A854A2E00590E33 /* FirebaseAuth in Frameworks */ = {isa = PBXBuildFile; productRef = 6D781AB82A854A2E00590E33 /* FirebaseAuth */; };
		6D781ABB2A854BF100590E33 /* Authentication.swift in Sources */ = {isa = PBXBuildFile; fileRef = 6D781ABA2A854BF100590E33 /* Authentication.swift */; };
		6D781ABD2A85604E00590E33 /* GoogleService-Info.plist in Resources */ = {isa = PBXBuildFile; fileRef = 6D781ABC2A85604E00590E33 /* GoogleService-Info.plist */; };
/* End PBXBuildFile section */

/* Begin PBXFileReference section */
		6D781A842A8518AC00590E33 /* Golf Buddies.app */ = {isa = PBXFileReference; explicitFileType = wrapper.application; includeInIndex = 0; path = "Golf Buddies.app"; sourceTree = BUILT_PRODUCTS_DIR; };
		6D781A872A8518AC00590E33 /* AppDelegate.swift */ = {isa = PBXFileReference; lastKnownFileType = sourcecode.swift; path = AppDelegate.swift; sourceTree = "<group>"; };
		6D781A892A8518AC00590E33 /* SceneDelegate.swift */ = {isa = PBXFileReference; lastKnownFileType = sourcecode.swift; path = SceneDelegate.swift; sourceTree = "<group>"; };
		6D781A8B2A8518AC00590E33 /* ViewController.swift */ = {isa = PBXFileReference; lastKnownFileType = sourcecode.swift; path = ViewController.swift; sourceTree = "<group>"; };
		6D781A8E2A8518AC00590E33 /* Base */ = {isa = PBXFileReference; lastKnownFileType = file.storyboard; name = Base; path = Base.lproj/Main.storyboard; sourceTree = "<group>"; };
		6D781A912A8518AC00590E33 /* Golf_Buddies.xcdatamodel */ = {isa = PBXFileReference; lastKnownFileType = wrapper.xcdatamodel; path = Golf_Buddies.xcdatamodel; sourceTree = "<group>"; };
		6D781A932A8518AE00590E33 /* Assets.xcassets */ = {isa = PBXFileReference; lastKnownFileType = folder.assetcatalog; path = Assets.xcassets; sourceTree = "<group>"; };
		6D781A962A8518AE00590E33 /* Base */ = {isa = PBXFileReference; lastKnownFileType = file.storyboard; name = Base; path = Base.lproj/LaunchScreen.storyboard; sourceTree = "<group>"; };
		6D781A982A8518AE00590E33 /* Info.plist */ = {isa = PBXFileReference; lastKnownFileType = text.plist.xml; path = Info.plist; sourceTree = "<group>"; };
		6D781A9E2A8522B600590E33 /* Golfer.swift */ = {isa = PBXFileReference; lastKnownFileType = sourcecode.swift; path = Golfer.swift; sourceTree = "<group>"; };
		6D781AA02A8522BF00590E33 /* Round.swift */ = {isa = PBXFileReference; lastKnownFileType = sourcecode.swift; path = Round.swift; sourceTree = "<group>"; };
		6D781AA22A8522E100590E33 /* Match.swift */ = {isa = PBXFileReference; lastKnownFileType = sourcecode.swift; path = Match.swift; sourceTree = "<group>"; };
		6D781AA42A85368900590E33 /* Profile.swift */ = {isa = PBXFileReference; lastKnownFileType = sourcecode.swift; path = Profile.swift; sourceTree = "<group>"; };
		6D781AB52A8546C100590E33 /* Firebase.swift */ = {isa = PBXFileReference; lastKnownFileType = sourcecode.swift; path = Firebase.swift; sourceTree = "<group>"; };
		6D781ABA2A854BF100590E33 /* Authentication.swift */ = {isa = PBXFileReference; lastKnownFileType = sourcecode.swift; path = Authentication.swift; sourceTree = "<group>"; };
		6D781ABC2A85604E00590E33 /* GoogleService-Info.plist */ = {isa = PBXFileReference; fileEncoding = 4; lastKnownFileType = text.plist.xml; path = "GoogleService-Info.plist"; sourceTree = "<group>"; };
/* End PBXFileReference section */

/* Begin PBXFrameworksBuildPhase section */
		6D781A812A8518AC00590E33 /* Frameworks */ = {
			isa = PBXFrameworksBuildPhase;
			buildActionMask = 2147483647;
			files = (
				6D781AB02A85459500590E33 /* FirebaseDatabaseSwift in Frameworks */,
				6D781AAE2A85459500590E33 /* FirebaseDatabase in Frameworks */,
				6D781AB22A85459500590E33 /* FirebaseFunctions in Frameworks */,
				6D781AAC2A85459500590E33 /* FirebaseAnalyticsSwift in Frameworks */,
				6D781AAA2A85459500590E33 /* FirebaseAnalytics in Frameworks */,
				6D781AB92A854A2E00590E33 /* FirebaseAuth in Frameworks */,
				6D781AB42A85459500590E33 /* FirebaseStorage in Frameworks */,
			);
			runOnlyForDeploymentPostprocessing = 0;
		};
/* End PBXFrameworksBuildPhase section */

/* Begin PBXGroup section */
		6D781A7B2A8518AC00590E33 = {
			isa = PBXGroup;
			children = (
				6D781A862A8518AC00590E33 /* Golf Buddies */,
				6D781A852A8518AC00590E33 /* Products */,
				6D781AB72A854A2E00590E33 /* Frameworks */,
			);
			sourceTree = "<group>";
		};
		6D781A852A8518AC00590E33 /* Products */ = {
			isa = PBXGroup;
			children = (
				6D781A842A8518AC00590E33 /* Golf Buddies.app */,
			);
			name = Products;
			sourceTree = "<group>";
		};
		6D781A862A8518AC00590E33 /* Golf Buddies */ = {
			isa = PBXGroup;
			children = (
				6D781A872A8518AC00590E33 /* AppDelegate.swift */,
				6D781A892A8518AC00590E33 /* SceneDelegate.swift */,
				6D781A8B2A8518AC00590E33 /* ViewController.swift */,
				6D781A9E2A8522B600590E33 /* Golfer.swift */,
				6D781AA02A8522BF00590E33 /* Round.swift */,
				6D781AA22A8522E100590E33 /* Match.swift */,
				6D781AA42A85368900590E33 /* Profile.swift */,
				6D781AB52A8546C100590E33 /* Firebase.swift */,
				6D781ABA2A854BF100590E33 /* Authentication.swift */,
				6D781A8D2A8518AC00590E33 /* Main.storyboard */,
				6D781A932A8518AE00590E33 /* Assets.xcassets */,
				6D781A952A8518AE00590E33 /* LaunchScreen.storyboard */,
				6D781A982A8518AE00590E33 /* Info.plist */,
				6D781ABC2A85604E00590E33 /* GoogleService-Info.plist */,
				6D781A902A8518AC00590E33 /* Golf_Buddies.xcdatamodeld */,
			);
			path = "Golf Buddies";
			sourceTree = "<group>";
		};
		6D781AB72A854A2E00590E33 /* Frameworks */ = {
			isa = PBXGroup;
			children = (
			);
			name = Frameworks;
			sourceTree = "<group>";
		};
/* End PBXGroup section */

/* Begin PBXNativeTarget section */
		6D781A832A8518AC00590E33 /* Golf Buddies */ = {
			isa = PBXNativeTarget;
			buildConfigurationList = 6D781A9B2A8518AE00590E33 /* Build configuration list for PBXNativeTarget "Golf Buddies" */;
			buildPhases = (
				6D781A802A8518AC00590E33 /* Sources */,
				6D781A812A8518AC00590E33 /* Frameworks */,
				6D781A822A8518AC00590E33 /* Resources */,
			);
			buildRules = (
			);
			dependencies = (
			);
			name = "Golf Buddies";
			packageProductDependencies = (
				6D781AA92A85459500590E33 /* FirebaseAnalytics */,
				6D781AAB2A85459500590E33 /* FirebaseAnalyticsSwift */,
				6D781AAD2A85459500590E33 /* FirebaseDatabase */,
				6D781AAF2A85459500590E33 /* FirebaseDatabaseSwift */,
				6D781AB12A85459500590E33 /* FirebaseFunctions */,
				6D781AB32A85459500590E33 /* FirebaseStorage */,
				6D781AB82A854A2E00590E33 /* FirebaseAuth */,
			);
			productName = "Golf Buddies";
			productReference = 6D781A842A8518AC00590E33 /* Golf Buddies.app */;
			productType = "com.apple.product-type.application";
		};
/* End PBXNativeTarget section */

/* Begin PBXProject section */
		6D781A7C2A8518AC00590E33 /* Project object */ = {
			isa = PBXProject;
			attributes = {
				BuildIndependentTargetsInParallel = 1;
				LastSwiftUpdateCheck = 1430;
				LastUpgradeCheck = 1430;
				TargetAttributes = {
					6D781A832A8518AC00590E33 = {
						CreatedOnToolsVersion = 14.3.1;
					};
				};
			};
			buildConfigurationList = 6D781A7F2A8518AC00590E33 /* Build configuration list for PBXProject "Golf Buddies" */;
			compatibilityVersion = "Xcode 14.0";
			developmentRegion = en;
			hasScannedForEncodings = 0;
			knownRegions = (
				en,
				Base,
			);
			mainGroup = 6D781A7B2A8518AC00590E33;
			packageReferences = (
				6D781AA82A85459500590E33 /* XCRemoteSwiftPackageReference "firebase-ios-sdk" */,
			);
			productRefGroup = 6D781A852A8518AC00590E33 /* Products */;
			projectDirPath = "";
			projectRoot = "";
			targets = (
				6D781A832A8518AC00590E33 /* Golf Buddies */,
			);
		};
/* End PBXProject section */

/* Begin PBXResourcesBuildPhase section */
		6D781A822A8518AC00590E33 /* Resources */ = {
			isa = PBXResourcesBuildPhase;
			buildActionMask = 2147483647;
			files = (
				6D781A972A8518AE00590E33 /* LaunchScreen.storyboard in Resources */,
				6D781ABD2A85604E00590E33 /* GoogleService-Info.plist in Resources */,
				6D781A942A8518AE00590E33 /* Assets.xcassets in Resources */,
				6D781A8F2A8518AC00590E33 /* Main.storyboard in Resources */,
			);
			runOnlyForDeploymentPostprocessing = 0;
		};
/* End PBXResourcesBuildPhase section */

/* Begin PBXSourcesBuildPhase section */
		6D781A802A8518AC00590E33 /* Sources */ = {
			isa = PBXSourcesBuildPhase;
			buildActionMask = 2147483647;
			files = (
				6D781A922A8518AC00590E33 /* Golf_Buddies.xcdatamodeld in Sources */,
				6D781AA52A85368900590E33 /* Profile.swift in Sources */,
				6D781A8C2A8518AC00590E33 /* ViewController.swift in Sources */,
				6D781ABB2A854BF100590E33 /* Authentication.swift in Sources */,
				6D781A9F2A8522B600590E33 /* Golfer.swift in Sources */,
				6D781A882A8518AC00590E33 /* AppDelegate.swift in Sources */,
				6D781AA12A8522BF00590E33 /* Round.swift in Sources */,
				6D781AB62A8546C100590E33 /* Firebase.swift in Sources */,
				6D781A8A2A8518AC00590E33 /* SceneDelegate.swift in Sources */,
				6D781AA32A8522E100590E33 /* Match.swift in Sources */,
			);
			runOnlyForDeploymentPostprocessing = 0;
		};
/* End PBXSourcesBuildPhase section */

/* Begin PBXVariantGroup section */
		6D781A8D2A8518AC00590E33 /* Main.storyboard */ = {
			isa = PBXVariantGroup;
			children = (
				6D781A8E2A8518AC00590E33 /* Base */,
			);
			name = Main.storyboard;
			sourceTree = "<group>";
		};
		6D781A952A8518AE00590E33 /* LaunchScreen.storyboard */ = {
			isa = PBXVariantGroup;
			children = (
				6D781A962A8518AE00590E33 /* Base */,
			);
			name = LaunchScreen.storyboard;
			sourceTree = "<group>";
		};
/* End PBXVariantGroup section */

/* Begin XCBuildConfiguration section */
		6D781A992A8518AE00590E33 /* Debug */ = {
			isa = XCBuildConfiguration;
			buildSettings = {
				ALWAYS_SEARCH_USER_PATHS = NO;
				CLANG_ANALYZER_NONNULL = YES;
				CLANG_ANALYZER_NUMBER_OBJECT_CONVERSION = YES_AGGRESSIVE;
				CLANG_CXX_LANGUAGE_STANDARD = "gnu++20";
				CLANG_ENABLE_MODULES = YES;
				CLANG_ENABLE_OBJC_ARC = YES;
				CLANG_ENABLE_OBJC_WEAK = YES;
				CLANG_WARN_BLOCK_CAPTURE_AUTORELEASING = YES;
				CLANG_WARN_BOOL_CONVERSION = YES;
				CLANG_WARN_COMMA = YES;
				CLANG_WARN_CONSTANT_CONVERSION = YES;
				CLANG_WARN_DEPRECATED_OBJC_IMPLEMENTATIONS = YES;
				CLANG_WARN_DIRECT_OBJC_ISA_USAGE = YES_ERROR;
				CLANG_WARN_DOCUMENTATION_COMMENTS = YES;
				CLANG_WARN_EMPTY_BODY = YES;
				CLANG_WARN_ENUM_CONVERSION = YES;
				CLANG_WARN_INFINITE_RECURSION = YES;
				CLANG_WARN_INT_CONVERSION = YES;
				CLANG_WARN_NON_LITERAL_NULL_CONVERSION = YES;
				CLANG_WARN_OBJC_IMPLICIT_RETAIN_SELF = YES;
				CLANG_WARN_OBJC_LITERAL_CONVERSION = YES;
				CLANG_WARN_OBJC_ROOT_CLASS = YES_ERROR;
				CLANG_WARN_QUOTED_INCLUDE_IN_FRAMEWORK_HEADER = YES;
				CLANG_WARN_RANGE_LOOP_ANALYSIS = YES;
				CLANG_WARN_STRICT_PROTOTYPES = YES;
				CLANG_WARN_SUSPICIOUS_MOVE = YES;
				CLANG_WARN_UNGUARDED_AVAILABILITY = YES_AGGRESSIVE;
				CLANG_WARN_UNREACHABLE_CODE = YES;
				CLANG_WARN__DUPLICATE_METHOD_MATCH = YES;
				COPY_PHASE_STRIP = NO;
				DEBUG_INFORMATION_FORMAT = dwarf;
				ENABLE_STRICT_OBJC_MSGSEND = YES;
				ENABLE_TESTABILITY = YES;
				GCC_C_LANGUAGE_STANDARD = gnu11;
				GCC_DYNAMIC_NO_PIC = NO;
				GCC_NO_COMMON_BLOCKS = YES;
				GCC_OPTIMIZATION_LEVEL = 0;
				GCC_PREPROCESSOR_DEFINITIONS = (
					"DEBUG=1",
					"$(inherited)",
				);
				GCC_WARN_64_TO_32_BIT_CONVERSION = YES;
				GCC_WARN_ABOUT_RETURN_TYPE = YES_ERROR;
				GCC_WARN_UNDECLARED_SELECTOR = YES;
				GCC_WARN_UNINITIALIZED_AUTOS = YES_AGGRESSIVE;
				GCC_WARN_UNUSED_FUNCTION = YES;
				GCC_WARN_UNUSED_VARIABLE = YES;
				IPHONEOS_DEPLOYMENT_TARGET = 16.4;
				MTL_ENABLE_DEBUG_INFO = INCLUDE_SOURCE;
				MTL_FAST_MATH = YES;
				ONLY_ACTIVE_ARCH = YES;
				SDKROOT = iphoneos;
				SWIFT_ACTIVE_COMPILATION_CONDITIONS = DEBUG;
				SWIFT_OPTIMIZATION_LEVEL = "-Onone";
			};
			name = Debug;
		};
		6D781A9A2A8518AE00590E33 /* Release */ = {
			isa = XCBuildConfiguration;
			buildSettings = {
				ALWAYS_SEARCH_USER_PATHS = NO;
				CLANG_ANALYZER_NONNULL = YES;
				CLANG_ANALYZER_NUMBER_OBJECT_CONVERSION = YES_AGGRESSIVE;
				CLANG_CXX_LANGUAGE_STANDARD = "gnu++20";
				CLANG_ENABLE_MODULES = YES;
				CLANG_ENABLE_OBJC_ARC = YES;
				CLANG_ENABLE_OBJC_WEAK = YES;
				CLANG_WARN_BLOCK_CAPTURE_AUTORELEASING = YES;
				CLANG_WARN_BOOL_CONVERSION = YES;
				CLANG_WARN_COMMA = YES;
				CLANG_WARN_CONSTANT_CONVERSION = YES;
				CLANG_WARN_DEPRECATED_OBJC_IMPLEMENTATIONS = YES;
				CLANG_WARN_DIRECT_OBJC_ISA_USAGE = YES_ERROR;
				CLANG_WARN_DOCUMENTATION_COMMENTS = YES;
				CLANG_WARN_EMPTY_BODY = YES;
				CLANG_WARN_ENUM_CONVERSION = YES;
				CLANG_WARN_INFINITE_RECURSION = YES;
				CLANG_WARN_INT_CONVERSION = YES;
				CLANG_WARN_NON_LITERAL_NULL_CONVERSION = YES;
				CLANG_WARN_OBJC_IMPLICIT_RETAIN_SELF = YES;
				CLANG_WARN_OBJC_LITERAL_CONVERSION = YES;
				CLANG_WARN_OBJC_ROOT_CLASS = YES_ERROR;
				CLANG_WARN_QUOTED_INCLUDE_IN_FRAMEWORK_HEADER = YES;
				CLANG_WARN_RANGE_LOOP_ANALYSIS = YES;
				CLANG_WARN_STRICT_PROTOTYPES = YES;
				CLANG_WARN_SUSPICIOUS_MOVE = YES;
				CLANG_WARN_UNGUARDED_AVAILABILITY = YES_AGGRESSIVE;
				CLANG_WARN_UNREACHABLE_CODE = YES;
				CLANG_WARN__DUPLICATE_METHOD_MATCH = YES;
				COPY_PHASE_STRIP = NO;
				DEBUG_INFORMATION_FORMAT = "dwarf-with-dsym";
				ENABLE_NS_ASSERTIONS = NO;
				ENABLE_STRICT_OBJC_MSGSEND = YES;
				GCC_C_LANGUAGE_STANDARD = gnu11;
				GCC_NO_COMMON_BLOCKS = YES;
				GCC_WARN_64_TO_32_BIT_CONVERSION = YES;
				GCC_WARN_ABOUT_RETURN_TYPE = YES_ERROR;
				GCC_WARN_UNDECLARED_SELECTOR = YES;
				GCC_WARN_UNINITIALIZED_AUTOS = YES_AGGRESSIVE;
				GCC_WARN_UNUSED_FUNCTION = YES;
				GCC_WARN_UNUSED_VARIABLE = YES;
				IPHONEOS_DEPLOYMENT_TARGET = 16.4;
				MTL_ENABLE_DEBUG_INFO = NO;
				MTL_FAST_MATH = YES;
				SDKROOT = iphoneos;
				SWIFT_COMPILATION_MODE = wholemodule;
				SWIFT_OPTIMIZATION_LEVEL = "-O";
				VALIDATE_PRODUCT = YES;
			};
			name = Release;
		};
		6D781A9C2A8518AE00590E33 /* Debug */ = {
			isa = XCBuildConfiguration;
			buildSettings = {
				ASSETCATALOG_COMPILER_APPICON_NAME = AppIcon;
				ASSETCATALOG_COMPILER_GLOBAL_ACCENT_COLOR_NAME = AccentColor;
				CODE_SIGN_STYLE = Automatic;
				CURRENT_PROJECT_VERSION = 1;
				DEVELOPMENT_TEAM = J3C436QQA9;
				GENERATE_INFOPLIST_FILE = YES;
				INFOPLIST_FILE = "Golf Buddies/Info.plist";
				INFOPLIST_KEY_UIApplicationSupportsIndirectInputEvents = YES;
				INFOPLIST_KEY_UILaunchStoryboardName = LaunchScreen;
				INFOPLIST_KEY_UIMainStoryboardFile = Main;
				INFOPLIST_KEY_UISupportedInterfaceOrientations_iPad = "UIInterfaceOrientationPortrait UIInterfaceOrientationPortraitUpsideDown UIInterfaceOrientationLandscapeLeft UIInterfaceOrientationLandscapeRight";
				INFOPLIST_KEY_UISupportedInterfaceOrientations_iPhone = "UIInterfaceOrientationPortrait UIInterfaceOrientationLandscapeLeft UIInterfaceOrientationLandscapeRight";
				LD_RUNPATH_SEARCH_PATHS = (
					"$(inherited)",
					"@executable_path/Frameworks",
				);
				MARKETING_VERSION = 1.0;
				PRODUCT_BUNDLE_IDENTIFIER = "karlcridland.Golf-Buddies";
				PRODUCT_NAME = "$(TARGET_NAME)";
				SWIFT_EMIT_LOC_STRINGS = YES;
				SWIFT_VERSION = 5.0;
				TARGETED_DEVICE_FAMILY = "1,2";
			};
			name = Debug;
		};
		6D781A9D2A8518AE00590E33 /* Release */ = {
			isa = XCBuildConfiguration;
			buildSettings = {
				ASSETCATALOG_COMPILER_APPICON_NAME = AppIcon;
				ASSETCATALOG_COMPILER_GLOBAL_ACCENT_COLOR_NAME = AccentColor;
				CODE_SIGN_STYLE = Automatic;
				CURRENT_PROJECT_VERSION = 1;
				DEVELOPMENT_TEAM = J3C436QQA9;
				GENERATE_INFOPLIST_FILE = YES;
				INFOPLIST_FILE = "Golf Buddies/Info.plist";
				INFOPLIST_KEY_UIApplicationSupportsIndirectInputEvents = YES;
				INFOPLIST_KEY_UILaunchStoryboardName = LaunchScreen;
				INFOPLIST_KEY_UIMainStoryboardFile = Main;
				INFOPLIST_KEY_UISupportedInterfaceOrientations_iPad = "UIInterfaceOrientationPortrait UIInterfaceOrientationPortraitUpsideDown UIInterfaceOrientationLandscapeLeft UIInterfaceOrientationLandscapeRight";
				INFOPLIST_KEY_UISupportedInterfaceOrientations_iPhone = "UIInterfaceOrientationPortrait UIInterfaceOrientationLandscapeLeft UIInterfaceOrientationLandscapeRight";
				LD_RUNPATH_SEARCH_PATHS = (
					"$(inherited)",
					"@executable_path/Frameworks",
				);
				MARKETING_VERSION = 1.0;
				PRODUCT_BUNDLE_IDENTIFIER = "karlcridland.Golf-Buddies";
				PRODUCT_NAME = "$(TARGET_NAME)";
				SWIFT_EMIT_LOC_STRINGS = YES;
				SWIFT_VERSION = 5.0;
				TARGETED_DEVICE_FAMILY = "1,2";
			};
			name = Release;
		};
/* End XCBuildConfiguration section */

/* Begin XCConfigurationList section */
		6D781A7F2A8518AC00590E33 /* Build configuration list for PBXProject "Golf Buddies" */ = {
			isa = XCConfigurationList;
			buildConfigurations = (
				6D781A992A8518AE00590E33 /* Debug */,
				6D781A9A2A8518AE00590E33 /* Release */,
			);
			defaultConfigurationIsVisible = 0;
			defaultConfigurationName = Release;
		};
		6D781A9B2A8518AE00590E33 /* Build configuration list for PBXNativeTarget "Golf Buddies" */ = {
			isa = XCConfigurationList;
			buildConfigurations = (
				6D781A9C2A8518AE00590E33 /* Debug */,
				6D781A9D2A8518AE00590E33 /* Release */,
			);
			defaultConfigurationIsVisible = 0;
			defaultConfigurationName = Release;
		};
/* End XCConfigurationList section */

/* Begin XCRemoteSwiftPackageReference section */
		6D781AA82A85459500590E33 /* XCRemoteSwiftPackageReference "firebase-ios-sdk" */ = {
			isa = XCRemoteSwiftPackageReference;
			repositoryURL = "https://github.com/firebase/firebase-ios-sdk";
			requirement = {
				kind = upToNextMajorVersion;
				minimumVersion = 10.0.0;
			};
		};
/* End XCRemoteSwiftPackageReference section */

/* Begin XCSwiftPackageProductDependency section */
		6D781AA92A85459500590E33 /* FirebaseAnalytics */ = {
			isa = XCSwiftPackageProductDependency;
			package = 6D781AA82A85459500590E33 /* XCRemoteSwiftPackageReference "firebase-ios-sdk" */;
			productName = FirebaseAnalytics;
		};
		6D781AAB2A85459500590E33 /* FirebaseAnalyticsSwift */ = {
			isa = XCSwiftPackageProductDependency;
			package = 6D781AA82A85459500590E33 /* XCRemoteSwiftPackageReference "firebase-ios-sdk" */;
			productName = FirebaseAnalyticsSwift;
		};
		6D781AAD2A85459500590E33 /* FirebaseDatabase */ = {
			isa = XCSwiftPackageProductDependency;
			package = 6D781AA82A85459500590E33 /* XCRemoteSwiftPackageReference "firebase-ios-sdk" */;
			productName = FirebaseDatabase;
		};
		6D781AAF2A85459500590E33 /* FirebaseDatabaseSwift */ = {
			isa = XCSwiftPackageProductDependency;
			package = 6D781AA82A85459500590E33 /* XCRemoteSwiftPackageReference "firebase-ios-sdk" */;
			productName = FirebaseDatabaseSwift;
		};
		6D781AB12A85459500590E33 /* FirebaseFunctions */ = {
			isa = XCSwiftPackageProductDependency;
			package = 6D781AA82A85459500590E33 /* XCRemoteSwiftPackageReference "firebase-ios-sdk" */;
			productName = FirebaseFunctions;
		};
		6D781AB32A85459500590E33 /* FirebaseStorage */ = {
			isa = XCSwiftPackageProductDependency;
			package = 6D781AA82A85459500590E33 /* XCRemoteSwiftPackageReference "firebase-ios-sdk" */;
			productName = FirebaseStorage;
		};
		6D781AB82A854A2E00590E33 /* FirebaseAuth */ = {
			isa = XCSwiftPackageProductDependency;
			package = 6D781AA82A85459500590E33 /* XCRemoteSwiftPackageReference "firebase-ios-sdk" */;
			productName = FirebaseAuth;
		};
/* End XCSwiftPackageProductDependency section */

/* Begin XCVersionGroup section */
		6D781A902A8518AC00590E33 /* Golf_Buddies.xcdatamodeld */ = {
			isa = XCVersionGroup;
			children = (
				6D781A912A8518AC00590E33 /* Golf_Buddies.xcdatamodel */,
			);
			currentVersion = 6D781A912A8518AC00590E33 /* Golf_Buddies.xcdatamodel */;
			path = Golf_Buddies.xcdatamodeld;
			sourceTree = "<group>";
			versionGroupType = wrapper.xcdatamodel;
		};
/* End XCVersionGroup section */
	};
	rootObject = 6D781A7C2A8518AC00590E33 /* Project object */;
}
